
Microsoft Visual Studio Solution File, Format Version 12.00
# Visual Studio Version 16
VisualStudioVersion = 16.0.31112.23
MinimumVisualStudioVersion = 10.0.40219.1
Project("{9A19103F-16F7-4668-BE54-9A1E7A4F7556}") = "CinemaTimeTable-WPF", "CinemaTimeTable-WPF\CinemaTimeTable-WPF.csproj", "{8995D91A-49A5-4AA4-A616-060D8338A26F}"
EndProject
Project("{9A19103F-16F7-4668-BE54-9A1E7A4F7556}") = "CinemaTimeTableLibrary", "CinemaTimeTableLibrary\CinemaTimeTableLibrary.csproj", "{75AD3966-4D77-4F38-BAF4-65F5018F8074}"
EndProject
Project("{9A19103F-16F7-4668-BE54-9A1E7A4F7556}") = "CinemaTimeTableLibratyTests", "CinemaTimeTableLibratyTests\CinemaTimeTableLibratyTests.csproj", "{20915F80-FF22-4C61-B4F1-E5EC5AC00D5F}"
EndProject
Global
	GlobalSection(SolutionConfigurationPlatforms) = preSolution
		Debug|Any CPU = Debug|Any CPU
		Release|Any CPU = Release|Any CPU
	EndGlobalSection
	GlobalSection(ProjectConfigurationPlatforms) = postSolution
		{8995D91A-49A5-4AA4-A616-060D8338A26F}.Debug|Any CPU.ActiveCfg = Debug|Any CPU
		{8995D91A-49A5-4AA4-A616-060D8338A26F}.Debug|Any CPU.Build.0 = Debug|Any CPU
		{8995D91A-49A5-4AA4-A616-060D8338A26F}.Release|Any CPU.ActiveCfg = Release|Any CPU
		{8995D91A-49A5-4AA4-A616-060D8338A26F}.Release|Any CPU.Build.0 = Release|Any CPU
		{75AD3966-4D77-4F38-BAF4-65F5018F8074}.Debug|Any CPU.ActiveCfg = Debug|Any CPU
		{75AD3966-4D77-4F38-BAF4-65F5018F8074}.Debug|Any CPU.Build.0 = Debug|Any CPU
		{75AD3966-4D77-4F38-BAF4-65F5018F8074}.Release|Any CPU.ActiveCfg = Release|Any CPU
		{75AD3966-4D77-4F38-BAF4-65F5018F8074}.Release|Any CPU.Build.0 = Release|Any CPU
		{20915F80-FF22-4C61-B4F1-E5EC5AC00D5F}.Debug|Any CPU.ActiveCfg = Debug|Any CPU
		{20915F80-FF22-4C61-B4F1-E5EC5AC00D5F}.Debug|Any CPU.Build.0 = Debug|Any CPU
		{20915F80-FF22-4C61-B4F1-E5EC5AC00D5F}.Release|Any CPU.ActiveCfg = Release|Any CPU
		{20915F80-FF22-4C61-B4F1-E5EC5AC00D5F}.Release|Any CPU.Build.0 = Release|Any CPU
	EndGlobalSection
	GlobalSection(SolutionProperties) = preSolution
		HideSolutionNode = FALSE
	EndGlobalSection
	GlobalSection(ExtensibilityGlobals) = postSolution
		SolutionGuid = {5784CA6D-4AEE-46CC-AD3E-CF6F094257AF}
	EndGlobalSection
EndGlobal
